github.com/mattn/go-isatty v0.0.11 h1:FxPOTFNqGkuDUGi3H/qkUbQO4ZiBa2brKq5r0l8TGeM=
github.com/mattn/go-isatty v0.0.11/go.mod h1:PhnuNfih5lzO57/f3n+odYbM4JtupLOxQOAqxQCu2WE=
github.com/mattn/go-isatty v0.0.12 h1:wuysRhFDzyxgEmMf5xjvJ2M9dZoWAXNNr5LSBS7uHXY=
github.com/mattn/go-isatty v0.0.12/go.mod h1:cbi8OIDigv2wuxKPP5vlRcQ1OAZbq2CE4Kysco4FUpU=
github.com/remyoudompheng/bigfft v0.0.0-20170806203942-52369c62f446 h1:/NRJ5vAYoqz+7sG51ubIDHXeWO8DlTSrToPu6q11ziA=
github.com/remyoudompheng/bigfft v0.0.0-20170806203942-52369c62f446/go.mod h1:uYEyJGbgTkfkS4+E/PavXkNJcbFIpEtjt2B0KDQ5+9M=
github.com/remyoudompheng/bigfft v0.0.0-20200410134404-eec4a21b6bb0 h1:OdAsTTz6OkFY5QxjkYwrChwuRruF69c169dPK26NUlk=
github.com/remyoudompheng/bigfft v0.0.0-20200410134404-eec4a21b6bb0/go.mod h1:qqbHyh8v60DhA7CoWK5oRCqLrMHRGoxYCSS9EjAz6Eo=
github.com/tenntenn/greeting v1.0.0 h1:qiPrfPnqnfuzVqN3u1fnQdjh5YDQaN2YYB4mij22WF4=
github.com/tenntenn/greeting v1.0.0/go.mod h1:E3Ht/04nVnsgPJqBdZYg2BmvqQJmRPxhIv6qX4RyE9Y=
github.com/tenntenn/greeting/v2 v2.1.0 h1:SD0Qx/kzr0MYDglhFPzNR4zk846+Z5T0Ol+Odr9Pk4c=
github.com/tenntenn/greeting/v2 v2.1.0/go.mod h1:EkHY3zj6AR1MtKVmdhvooxb+zIUEihioi7gG93rsX5I=
golang.org/x/sys v0.0.0-20191026070338-33540a1f6037/go.mod h1:h1NjWce9XRLGQEsW7wpKNCjG9DtNlClVuFLEZdDNbEs=
golang.org/x/sys v0.0.0-20191218084908-4a24b4065292 h1:Y8q0zsdcgAd+JU8VUA8p8Qv2YhuY9zevDG2ORt5qBUI=
golang.org/x/sys v0.0.0-20191218084908-4a24b4065292/go.mod h1:h1NjWce9XRLGQEsW7wpKNCjG9DtNlClVuFLEZdDNbEs=
golang.org/x/sys v0.0.0-20200116001909-b77594299b42/go.mod h1:h1NjWce9XRLGQEsW7wpKNCjG9DtNlClVuFLEZdDNbEs=
golang.org/x/sys v0.0.0-20200501145240-bc7a7d42d5c3 h1:5B6i6EAiSYyejWfvc5Rc9BbI3rzIsrrXfAQBWnYfn+w=
golang.org/x/sys v0.0.0-20200501145240-bc7a7d42d5c3/go.mod h1:h1NjWce9XRLGQEsW7wpKNCjG9DtNlClVuFLEZdDNbEs=
modernc.org/crt/v2 v2.0.0-alpha.2 h1:/wq0trAb7RTvnqSs02z8avn3UMkRa3iFpfKV05KflGk=
modernc.org/crt/v2 v2.0.0-alpha.2/go.mod h1:K7tDS2XDAsVcX1puL+MEnzy8/E2kUh1GgV57DLtCNgg=
modernc.org/crt/v2 v2.0.1-alpha.3 h1:fUwncKweDIyJJxv6GYq/LC+N7DWsvVAAXC0iY458n4c=
modernc.org/crt/v2 v2.0.1-alpha.3/go.mod h1:K7tDS2XDAsVcX1puL+MEnzy8/E2kUh1GgV57DLtCNgg=
modernc.org/mathutil v1.0.0 h1:93vKjrJopTPrtTNpZ8XIovER7iCIH1QU7wNbOQXC60I=
modernc.org/mathutil v1.0.0/go.mod h1:wU0vUrJsVWBZ4P6e7xtFJEhFSNsfRLJ8H458uRjg03k=
modernc.org/mathutil v1.1.1 h1:FeylZSVX8S+58VsyJlkEj2bcpdytmp9MmDKZkKx8OIE=
modernc.org/mathutil v1.1.1/go.mod h1:mZW8CKdRPY1v87qxC/wUdX5O1qDzXMP5TH3wjfpga6E=
modernc.org/memory v1.0.0 h1:Tm1p6vBp/U/SGR9/EeFhMvGzaVpUWeePopZhhIpW2YE=
modernc.org/memory v1.0.0/go.mod h1:TXr4iJDvK3g0hW+sV+Kohu7BoeHfqw7QEFZWkBExdZc=
modernc.org/sqlite v1.3.0 h1:6qkylgdhRnaA96XZ9104uk6dVSg2iSmDue2gUOvkg3k=
modernc.org/sqlite v1.3.0/go.mod h1:Lk3NI8z9NDHeje1nJTFbmOgL+w9Hzay5vEuMbzOs/+0=
