github.com/yusabana-sandbox/golang-practice/had-experience-of-programming v0.0.0-20200911023546-adcb020a98ec h1:Zx7zDoxqRp9usRjOqmOYR1ewuKiWuC1HbVvnx+MRkU4=
github.com/yusabana-sandbox/golang-practice/had-experience-of-programming v0.0.0-20200911023546-adcb020a98ec/go.mod h1:IXdrAnSx0mAdkGWj81cKLg/xnFCcZXv9iW71mojr9jo=
github.com/yusabana-sandbox/golang-practice/had-experience-of-programming v0.0.0-20200911030056-25c2154e7884 h1:xHxWW95SwjPgKXm8rWT3sKXuNkSwAKrqjTCtHOfLl2I=
github.com/yusabana-sandbox/golang-practice/had-experience-of-programming v0.0.0-20200911030056-25c2154e7884/go.mod h1:IXdrAnSx0mAdkGWj81cKLg/xnFCcZXv9iW71mojr9jo=
github.com/yusabana-sandbox/golang-practice/had-experience-of-programming v0.0.0-20200911031719-75e585e70917 h1:YlO8YoN7Z57z4ZiUcCgOUsShwm5RKtEiejFn8EpEfRA=
github.com/yusabana-sandbox/golang-practice/had-experience-of-programming v0.0.0-20200911031719-75e585e70917/go.mod h1:IXdrAnSx0mAdkGWj81cKLg/xnFCcZXv9iW71mojr9jo=
