github.com/yusabana-sandbox/golang-practice/had-experience-of-programming v0.0.0-20200914065534-ad894fc0aef2 h1:5lAlTGBN7WXcQ0QSpU46sWV6ITnpWFXA6w2vfSQYKJg=
github.com/yusabana-sandbox/golang-practice/had-experience-of-programming v0.0.0-20200914065534-ad894fc0aef2/go.mod h1:IXdrAnSx0mAdkGWj81cKLg/xnFCcZXv9iW71mojr9jo=
github.com/yusabana-sandbox/golang-practice/had-experience-of-programming v0.0.0-20200916163654-d48f17f8cd50 h1:pd9C4OnB8vqzSdSqbZlUye0f35Z2Rn9ybcJdRyoxA1M=
github.com/yusabana-sandbox/golang-practice/had-experience-of-programming v0.0.0-20200916163654-d48f17f8cd50/go.mod h1:IXdrAnSx0mAdkGWj81cKLg/xnFCcZXv9iW71mojr9jo=
